
Microsoft Visual Studio Solution File, Format Version 12.00
# Visual Studio Version 16
VisualStudioVersion = 16.0.29001.49
MinimumVisualStudioVersion = 10.0.40219.1
Project("{FAE04EC0-301F-11D3-BF4B-00C04F79EFBC}") = "NodeGames.UI.MonoGame", "NodeGames.UI.MonoGame.csproj", "{CD6AE802-1418-4E6C-8A6D-C34565E5473B}"
EndProject
Global
	GlobalSection(SolutionConfigurationPlatforms) = preSolution
		Debug|Any CPU = Debug|Any CPU
		Release|Any CPU = Release|Any CPU
	EndGlobalSection
	GlobalSection(ProjectConfigurationPlatforms) = postSolution
		{CD6AE802-1418-4E6C-8A6D-C34565E5473B}.Debug|Any CPU.ActiveCfg = Debug|Any CPU
		{CD6AE802-1418-4E6C-8A6D-C34565E5473B}.Debug|Any CPU.Build.0 = Debug|Any CPU
		{CD6AE802-1418-4E6C-8A6D-C34565E5473B}.Release|Any CPU.ActiveCfg = Release|Any CPU
		{CD6AE802-1418-4E6C-8A6D-C34565E5473B}.Release|Any CPU.Build.0 = Release|Any CPU
	EndGlobalSection
	GlobalSection(SolutionProperties) = preSolution
		HideSolutionNode = FALSE
	EndGlobalSection
	GlobalSection(ExtensibilityGlobals) = postSolution
		SolutionGuid = {D9C0B490-4D9B-4840-AE2A-41E945F6C82D}
	EndGlobalSection
EndGlobal
